Microsoft Visual Studio Solution File, Format Version 12.00
# Visual Studio Version 17
VisualStudioVersion = 17.5.2.0
MinimumVisualStudioVersion = 10.0.40219.1
Project("{FAE04EC0-301F-11D3-BF4B-00C04F79EFBC}") = "CleanTodos.Api", "api\CleanTodos.Api.csproj", "{BD84F485-5AFD-1751-EE65-019D53E56005}"
EndProject
Project("{FAE04EC0-301F-11D3-BF4B-00C04F79EFBC}") = "CleanTodos.Tests", "tests\CleanTodos.Tests.csproj", "{58F1807B-A134-EA2B-BB3E-D38D4E232C98}"
EndProject
Global
	GlobalSection(SolutionConfigurationPlatforms) = preSolution
		Debug|Any CPU = Debug|Any CPU
		Release|Any CPU = Release|Any CPU
	EndGlobalSection
	GlobalSection(ProjectConfigurationPlatforms) = postSolution
		{BD84F485-5AFD-1751-EE65-019D53E56005}.Debug|Any CPU.ActiveCfg = Debug|Any CPU
		{BD84F485-5AFD-1751-EE65-019D53E56005}.Debug|Any CPU.Build.0 = Debug|Any CPU
		{BD84F485-5AFD-1751-EE65-019D53E56005}.Release|Any CPU.ActiveCfg = Release|Any CPU
		{BD84F485-5AFD-1751-EE65-019D53E56005}.Release|Any CPU.Build.0 = Release|Any CPU
		{58F1807B-A134-EA2B-BB3E-D38D4E232C98}.Debug|Any CPU.ActiveCfg = Debug|Any CPU
		{58F1807B-A134-EA2B-BB3E-D38D4E232C98}.Debug|Any CPU.Build.0 = Debug|Any CPU
		{58F1807B-A134-EA2B-BB3E-D38D4E232C98}.Release|Any CPU.ActiveCfg = Release|Any CPU
		{58F1807B-A134-EA2B-BB3E-D38D4E232C98}.Release|Any CPU.Build.0 = Release|Any CPU
	EndGlobalSection
	GlobalSection(SolutionProperties) = preSolution
		HideSolutionNode = FALSE
	EndGlobalSection
	GlobalSection(ExtensibilityGlobals) = postSolution
		SolutionGuid = {2495A31F-0323-4076-BC0E-5E3204011931}
	EndGlobalSection
EndGlobal
